
Microsoft Visual Studio Solution File, Format Version 12.00
# Visual Studio Version 17
VisualStudioVersion = 17.4.33403.182
MinimumVisualStudioVersion = 10.0.40219.1
Project("{8BC9CEB8-8B4A-11D0-8D11-00A0C91BC942}") = "StackFunctions", "7\7.vcxproj", "{24A10CA4-AD06-4DDF-B847-8661406F36A1}"
EndProject
Project("{8BC9CEB8-8B4A-11D0-8D11-00A0C91BC942}") = "Lab_7_variant_14", "Lab_7_variant_14\Lab_7_variant_14.vcxproj", "{BBDF13D3-A0C3-454B-96A4-410032068930}"
EndProject
Project("{8BC9CEB8-8B4A-11D0-8D11-00A0C91BC942}") = "dop 1", "dop1(7)\dop1(7)\dop1(7).vcxproj", "{E925E3DA-43EC-470A-BB12-4E3F637D12F6}"
EndProject
Project("{8BC9CEB8-8B4A-11D0-8D11-00A0C91BC942}") = "dop2", "dop2\dop2.vcxproj", "{7F59953A-66E1-4709-BCF7-9F141F83FEB6}"
EndProject
Project("{8BC9CEB8-8B4A-11D0-8D11-00A0C91BC942}") = "Lab_7_variant_4", "Lab_7_variant_4\Lab_7_variant_4.vcxproj", "{F37D9D6F-636E-4DCA-A217-8C517932758B}"
EndProject
Global
	GlobalSection(SolutionConfigurationPlatforms) = preSolution
		Debug|x64 = Debug|x64
		Debug|x86 = Debug|x86
		Release|x64 = Release|x64
		Release|x86 = Release|x86
	EndGlobalSection
	GlobalSection(ProjectConfigurationPlatforms) = postSolution
		{24A10CA4-AD06-4DDF-B847-8661406F36A1}.Debug|x64.ActiveCfg = Debug|x64
		{24A10CA4-AD06-4DDF-B847-8661406F36A1}.Debug|x64.Build.0 = Debug|x64
		{24A10CA4-AD06-4DDF-B847-8661406F36A1}.Debug|x86.ActiveCfg = Debug|Win32
		{24A10CA4-AD06-4DDF-B847-8661406F36A1}.Debug|x86.Build.0 = Debug|Win32
		{24A10CA4-AD06-4DDF-B847-8661406F36A1}.Release|x64.ActiveCfg = Release|x64
		{24A10CA4-AD06-4DDF-B847-8661406F36A1}.Release|x64.Build.0 = Release|x64
		{24A10CA4-AD06-4DDF-B847-8661406F36A1}.Release|x86.ActiveCfg = Release|Win32
		{24A10CA4-AD06-4DDF-B847-8661406F36A1}.Release|x86.Build.0 = Release|Win32
		{BBDF13D3-A0C3-454B-96A4-410032068930}.Debug|x64.ActiveCfg = Debug|x64
		{BBDF13D3-A0C3-454B-96A4-410032068930}.Debug|x64.Build.0 = Debug|x64
		{BBDF13D3-A0C3-454B-96A4-410032068930}.Debug|x86.ActiveCfg = Debug|Win32
		{BBDF13D3-A0C3-454B-96A4-410032068930}.Debug|x86.Build.0 = Debug|Win32
		{BBDF13D3-A0C3-454B-96A4-410032068930}.Release|x64.ActiveCfg = Release|x64
		{BBDF13D3-A0C3-454B-96A4-410032068930}.Release|x64.Build.0 = Release|x64
		{BBDF13D3-A0C3-454B-96A4-410032068930}.Release|x86.ActiveCfg = Release|Win32
		{BBDF13D3-A0C3-454B-96A4-410032068930}.Release|x86.Build.0 = Release|Win32
		{E925E3DA-43EC-470A-BB12-4E3F637D12F6}.Debug|x64.ActiveCfg = Debug|x64
		{E925E3DA-43EC-470A-BB12-4E3F637D12F6}.Debug|x64.Build.0 = Debug|x64
		{E925E3DA-43EC-470A-BB12-4E3F637D12F6}.Debug|x86.ActiveCfg = Debug|Win32
		{E925E3DA-43EC-470A-BB12-4E3F637D12F6}.Debug|x86.Build.0 = Debug|Win32
		{E925E3DA-43EC-470A-BB12-4E3F637D12F6}.Release|x64.ActiveCfg = Release|x64
		{E925E3DA-43EC-470A-BB12-4E3F637D12F6}.Release|x64.Build.0 = Release|x64
		{E925E3DA-43EC-470A-BB12-4E3F637D12F6}.Release|x86.ActiveCfg = Release|Win32
		{E925E3DA-43EC-470A-BB12-4E3F637D12F6}.Release|x86.Build.0 = Release|Win32
		{7F59953A-66E1-4709-BCF7-9F141F83FEB6}.Debug|x64.ActiveCfg = Debug|x64
		{7F59953A-66E1-4709-BCF7-9F141F83FEB6}.Debug|x64.Build.0 = Debug|x64
		{7F59953A-66E1-4709-BCF7-9F141F83FEB6}.Debug|x86.ActiveCfg = Debug|Win32
		{7F59953A-66E1-4709-BCF7-9F141F83FEB6}.Debug|x86.Build.0 = Debug|Win32
		{7F59953A-66E1-4709-BCF7-9F141F83FEB6}.Release|x64.ActiveCfg = Release|x64
		{7F59953A-66E1-4709-BCF7-9F141F83FEB6}.Release|x64.Build.0 = Release|x64
		{7F59953A-66E1-4709-BCF7-9F141F83FEB6}.Release|x86.ActiveCfg = Release|Win32
		{7F59953A-66E1-4709-BCF7-9F141F83FEB6}.Release|x86.Build.0 = Release|Win32
		{F37D9D6F-636E-4DCA-A217-8C517932758B}.Debug|x64.ActiveCfg = Debug|x64
		{F37D9D6F-636E-4DCA-A217-8C517932758B}.Debug|x64.Build.0 = Debug|x64
		{F37D9D6F-636E-4DCA-A217-8C517932758B}.Debug|x86.ActiveCfg = Debug|Win32
		{F37D9D6F-636E-4DCA-A217-8C517932758B}.Debug|x86.Build.0 = Debug|Win32
		{F37D9D6F-636E-4DCA-A217-8C517932758B}.Release|x64.ActiveCfg = Release|x64
		{F37D9D6F-636E-4DCA-A217-8C517932758B}.Release|x64.Build.0 = Release|x64
		{F37D9D6F-636E-4DCA-A217-8C517932758B}.Release|x86.ActiveCfg = Release|Win32
		{F37D9D6F-636E-4DCA-A217-8C517932758B}.Release|x86.Build.0 = Release|Win32
	EndGlobalSection
	GlobalSection(SolutionProperties) = preSolution
		HideSolutionNode = FALSE
	EndGlobalSection
	GlobalSection(ExtensibilityGlobals) = postSolution
		SolutionGuid = {0AF83E5D-643F-4377-9E05-23783B31F323}
	EndGlobalSection
EndGlobal
